
Microsoft Visual Studio Solution File, Format Version 12.00
# Visual Studio Version 16
VisualStudioVersion = 16.0.30717.126
MinimumVisualStudioVersion = 10.0.40219.1
Project("{FAE04EC0-301F-11D3-BF4B-00C04F79EFBC}") = "MagazineStore", "MagazineStore\MagazineStore.csproj", "{4F7FAA31-4B44-4CAD-9E10-AA41E1D4EDC3}"
EndProject
Global
	GlobalSection(SolutionConfigurationPlatforms) = preSolution
		Debug|Any CPU = Debug|Any CPU
		Release|Any CPU = Release|Any CPU
	EndGlobalSection
	GlobalSection(ProjectConfigurationPlatforms) = postSolution
		{4F7FAA31-4B44-4CAD-9E10-AA41E1D4EDC3}.Debug|Any CPU.ActiveCfg = Debug|Any CPU
		{4F7FAA31-4B44-4CAD-9E10-AA41E1D4EDC3}.Debug|Any CPU.Build.0 = Debug|Any CPU
		{4F7FAA31-4B44-4CAD-9E10-AA41E1D4EDC3}.Release|Any CPU.ActiveCfg = Release|Any CPU
		{4F7FAA31-4B44-4CAD-9E10-AA41E1D4EDC3}.Release|Any CPU.Build.0 = Release|Any CPU
	EndGlobalSection
	GlobalSection(SolutionProperties) = preSolution
		HideSolutionNode = FALSE
	EndGlobalSection
	GlobalSection(ExtensibilityGlobals) = postSolution
		SolutionGuid = {5CDB6AD8-0EE2-4DAE-8B16-F7D50C895939}
	EndGlobalSection
EndGlobal
